// !$*UTF8*$!
{
	archiveVersion = 1;
	classes = {
	};
	objectVersion = 55;
	objects = {

/* Begin PBXBuildFile section */
		144A15A0298E8576001A7BC2 /* AppDelegate.swift in Sources */ = {isa = PBXBuildFile; fileRef = 144A159F298E8576001A7BC2 /* AppDelegate.swift */; };
		144A15A2298E8576001A7BC2 /* SceneDelegate.swift in Sources */ = {isa = PBXBuildFile; fileRef = 144A15A1298E8576001A7BC2 /* SceneDelegate.swift */; };
		144A15A7298E8576001A7BC2 /* Main.storyboard in Resources */ = {isa = PBXBuildFile; fileRef = 144A15A5298E8576001A7BC2 /* Main.storyboard */; };
		144A15AA298E8576001A7BC2 /* Movie_App.xcdatamodeld in Sources */ = {isa = PBXBuildFile; fileRef = 144A15A8298E8576001A7BC2 /* Movie_App.xcdatamodeld */; };
		144A15AC298E8577001A7BC2 /* Assets.xcassets in Resources */ = {isa = PBXBuildFile; fileRef = 144A15AB298E8577001A7BC2 /* Assets.xcassets */; };
		144A15AF298E8577001A7BC2 /* LaunchScreen.storyboard in Resources */ = {isa = PBXBuildFile; fileRef = 144A15AD298E8577001A7BC2 /* LaunchScreen.storyboard */; };
		144A15BA298E8648001A7BC2 /* MovieModel.swift in Sources */ = {isa = PBXBuildFile; fileRef = 144A15B9298E8648001A7BC2 /* MovieModel.swift */; };
		144A15C1298E883E001A7BC2 /* HomeViewController.swift in Sources */ = {isa = PBXBuildFile; fileRef = 144A15C0298E883E001A7BC2 /* HomeViewController.swift */; };
		144A15C3298E92CB001A7BC2 /* HomeViewModel.swift in Sources */ = {isa = PBXBuildFile; fileRef = 144A15C2298E92CB001A7BC2 /* HomeViewModel.swift */; };
		144A15C5298E9665001A7BC2 /* MoviesTableViewDatasource.swift in Sources */ = {isa = PBXBuildFile; fileRef = 144A15C4298E9665001A7BC2 /* MoviesTableViewDatasource.swift */; };
		144A15C7298E98CB001A7BC2 /* MoviesTableViewDelegate.swift in Sources */ = {isa = PBXBuildFile; fileRef = 144A15C6298E98CB001A7BC2 /* MoviesTableViewDelegate.swift */; };
		144A15CB298E9C0C001A7BC2 /* MoviesDataService.swift in Sources */ = {isa = PBXBuildFile; fileRef = 144A15CA298E9C0C001A7BC2 /* MoviesDataService.swift */; };
		144A15CE298E9D05001A7BC2 /* Alamofire in Frameworks */ = {isa = PBXBuildFile; productRef = 144A15CD298E9D05001A7BC2 /* Alamofire */; };
		144A15D0298EA964001A7BC2 /* MovieListTableViewCell.swift in Sources */ = {isa = PBXBuildFile; fileRef = 144A15CF298EA964001A7BC2 /* MovieListTableViewCell.swift */; };
		144A15D3298F57A4001A7BC2 /* Kingfisher in Frameworks */ = {isa = PBXBuildFile; productRef = 144A15D2298F57A4001A7BC2 /* Kingfisher */; };
		146B4DDF298F5D4C00F17A7A /* MovieDetailViewController.swift in Sources */ = {isa = PBXBuildFile; fileRef = 146B4DDE298F5D4C00F17A7A /* MovieDetailViewController.swift */; };
		146B4DE1298FCF8800F17A7A /* SplashScreen.swift in Sources */ = {isa = PBXBuildFile; fileRef = 146B4DE0298FCF8800F17A7A /* SplashScreen.swift */; };
		146B4DF32990033900F17A7A /* MoviesTableViewDelegateTest.swift in Sources */ = {isa = PBXBuildFile; fileRef = 146B4DF22990033900F17A7A /* MoviesTableViewDelegateTest.swift */; };
		146B4DF5299006AB00F17A7A /* NavigationDetailMock.swift in Sources */ = {isa = PBXBuildFile; fileRef = 146B4DF4299006AB00F17A7A /* NavigationDetailMock.swift */; };
		146B4DF729900CBB00F17A7A /* HomeViewControllerProtocol.swift in Sources */ = {isa = PBXBuildFile; fileRef = 146B4DF629900CBB00F17A7A /* HomeViewControllerProtocol.swift */; };
/* End PBXBuildFile section */

/* Begin PBXContainerItemProxy section */
		146B4DEA2990021500F17A7A /* PBXContainerItemProxy */ = {
			isa = PBXContainerItemProxy;
			containerPortal = 144A1594298E8576001A7BC2 /* Project object */;
			proxyType = 1;
			remoteGlobalIDString = 144A159B298E8576001A7BC2;
			remoteInfo = "Movie App";
		};
/* End PBXContainerItemProxy section */

/* Begin PBXFileReference section */
		144A159C298E8576001A7BC2 /* Movie App.app */ = {isa = PBXFileReference; explicitFileType = wrapper.application; includeInIndex = 0; path = "Movie App.app"; sourceTree = BUILT_PRODUCTS_DIR; };
		144A159F298E8576001A7BC2 /* AppDelegate.swift */ = {isa = PBXFileReference; lastKnownFileType = sourcecode.swift; path = AppDelegate.swift; sourceTree = "<group>"; };
		144A15A1298E8576001A7BC2 /* SceneDelegate.swift */ = {isa = PBXFileReference; lastKnownFileType = sourcecode.swift; path = SceneDelegate.swift; sourceTree = "<group>"; };
		144A15A6298E8576001A7BC2 /* Base */ = {isa = PBXFileReference; lastKnownFileType = file.storyboard; name = Base; path = Base.lproj/Main.storyboard; sourceTree = "<group>"; };
		144A15A9298E8576001A7BC2 /* Movie_App.xcdatamodel */ = {isa = PBXFileReference; lastKnownFileType = wrapper.xcdatamodel; path = Movie_App.xcdatamodel; sourceTree = "<group>"; };
		144A15AB298E8577001A7BC2 /* Assets.xcassets */ = {isa = PBXFileReference; lastKnownFileType = folder.assetcatalog; path = Assets.xcassets; sourceTree = "<group>"; };
		144A15AE298E8577001A7BC2 /* Base */ = {isa = PBXFileReference; lastKnownFileType = file.storyboard; name = Base; path = Base.lproj/LaunchScreen.storyboard; sourceTree = "<group>"; };
		144A15B0298E8577001A7BC2 /* Info.plist */ = {isa = PBXFileReference; lastKnownFileType = text.plist.xml; path = Info.plist; sourceTree = "<group>"; };
		144A15B9298E8648001A7BC2 /* MovieModel.swift */ = {isa = PBXFileReference; lastKnownFileType = sourcecode.swift; path = MovieModel.swift; sourceTree = "<group>"; };
		144A15C0298E883E001A7BC2 /* HomeViewController.swift */ = {isa = PBXFileReference; lastKnownFileType = sourcecode.swift; path = HomeViewController.swift; sourceTree = "<group>"; };
		144A15C2298E92CB001A7BC2 /* HomeViewModel.swift */ = {isa = PBXFileReference; lastKnownFileType = sourcecode.swift; path = HomeViewModel.swift; sourceTree = "<group>"; };
		144A15C4298E9665001A7BC2 /* MoviesTableViewDatasource.swift */ = {isa = PBXFileReference; lastKnownFileType = sourcecode.swift; path = MoviesTableViewDatasource.swift; sourceTree = "<group>"; };
		144A15C6298E98CB001A7BC2 /* MoviesTableViewDelegate.swift */ = {isa = PBXFileReference; lastKnownFileType = sourcecode.swift; path = MoviesTableViewDelegate.swift; sourceTree = "<group>"; };
		144A15CA298E9C0C001A7BC2 /* MoviesDataService.swift */ = {isa = PBXFileReference; lastKnownFileType = sourcecode.swift; path = MoviesDataService.swift; sourceTree = "<group>"; };
		144A15CF298EA964001A7BC2 /* MovieListTableViewCell.swift */ = {isa = PBXFileReference; lastKnownFileType = sourcecode.swift; path = MovieListTableViewCell.swift; sourceTree = "<group>"; };
		146B4DDE298F5D4C00F17A7A /* MovieDetailViewController.swift */ = {isa = PBXFileReference; lastKnownFileType = sourcecode.swift; path = MovieDetailViewController.swift; sourceTree = "<group>"; };
		146B4DE0298FCF8800F17A7A /* SplashScreen.swift */ = {isa = PBXFileReference; lastKnownFileType = sourcecode.swift; path = SplashScreen.swift; sourceTree = "<group>"; };
		146B4DE62990021500F17A7A /* MovieAppTests.xctest */ = {isa = PBXFileReference; explicitFileType = wrapper.cfbundle; includeInIndex = 0; path = MovieAppTests.xctest; sourceTree = BUILT_PRODUCTS_DIR; };
		146B4DF22990033900F17A7A /* MoviesTableViewDelegateTest.swift */ = {isa = PBXFileReference; lastKnownFileType = sourcecode.swift; path = MoviesTableViewDelegateTest.swift; sourceTree = "<group>"; };
		146B4DF4299006AB00F17A7A /* NavigationDetailMock.swift */ = {isa = PBXFileReference; lastKnownFileType = sourcecode.swift; path = NavigationDetailMock.swift; sourceTree = "<group>"; };
		146B4DF629900CBB00F17A7A /* HomeViewControllerProtocol.swift */ = {isa = PBXFileReference; lastKnownFileType = sourcecode.swift; path = HomeViewControllerProtocol.swift; sourceTree = "<group>"; };
/* End PBXFileReference section */

/* Begin PBXFrameworksBuildPhase section */
		144A1599298E8576001A7BC2 /* Frameworks */ = {
			isa = PBXFrameworksBuildPhase;
			buildActionMask = 2147483647;
			files = (
				144A15D3298F57A4001A7BC2 /* Kingfisher in Frameworks */,
				144A15CE298E9D05001A7BC2 /* Alamofire in Frameworks */,
			);
			runOnlyForDeploymentPostprocessing = 0;
		};
		146B4DE32990021500F17A7A /* Frameworks */ = {
			isa = PBXFrameworksBuildPhase;
			buildActionMask = 2147483647;
			files = (
			);
			runOnlyForDeploymentPostprocessing = 0;
		};
/* End PBXFrameworksBuildPhase section */

/* Begin PBXGroup section */
		144A1593298E8576001A7BC2 = {
			isa = PBXGroup;
			children = (
				144A159E298E8576001A7BC2 /* Movie App */,
				146B4DE72990021500F17A7A /* MovieAppTests */,
				144A159D298E8576001A7BC2 /* Products */,
			);
			sourceTree = "<group>";
		};
		144A159D298E8576001A7BC2 /* Products */ = {
			isa = PBXGroup;
			children = (
				144A159C298E8576001A7BC2 /* Movie App.app */,
				146B4DE62990021500F17A7A /* MovieAppTests.xctest */,
			);
			name = Products;
			sourceTree = "<group>";
		};
		144A159E298E8576001A7BC2 /* Movie App */ = {
			isa = PBXGroup;
			children = (
				144A15B6298E8581001A7BC2 /* MVVM */,
				144A159F298E8576001A7BC2 /* AppDelegate.swift */,
				144A15A1298E8576001A7BC2 /* SceneDelegate.swift */,
				144A15A5298E8576001A7BC2 /* Main.storyboard */,
				144A15AB298E8577001A7BC2 /* Assets.xcassets */,
				144A15AD298E8577001A7BC2 /* LaunchScreen.storyboard */,
				144A15B0298E8577001A7BC2 /* Info.plist */,
				144A15A8298E8576001A7BC2 /* Movie_App.xcdatamodeld */,
			);
			path = "Movie App";
			sourceTree = "<group>";
		};
		144A15B6298E8581001A7BC2 /* MVVM */ = {
			isa = PBXGroup;
			children = (
				144A15C8298E9BF2001A7BC2 /* Data */,
				144A15BB298E8709001A7BC2 /* Presentation */,
				144A15B7298E85C9001A7BC2 /* Domain */,
			);
			path = MVVM;
			sourceTree = "<group>";
		};
		144A15B7298E85C9001A7BC2 /* Domain */ = {
			isa = PBXGroup;
			children = (
				144A15B8298E85CF001A7BC2 /* Models */,
			);
			path = Domain;
			sourceTree = "<group>";
		};
		144A15B8298E85CF001A7BC2 /* Models */ = {
			isa = PBXGroup;
			children = (
				144A15B9298E8648001A7BC2 /* MovieModel.swift */,
			);
			path = Models;
			sourceTree = "<group>";
		};
		144A15BB298E8709001A7BC2 /* Presentation */ = {
			isa = PBXGroup;
			children = (
				144A15BC298E8740001A7BC2 /* MoviesList */,
				144A15BD298E8751001A7BC2 /* MovieDetails */,
			);
			path = Presentation;
			sourceTree = "<group>";
		};
		144A15BC298E8740001A7BC2 /* MoviesList */ = {
			isa = PBXGroup;
			children = (
				144A15BE298E876C001A7BC2 /* ViewModel */,
				144A15BF298E8774001A7BC2 /* View */,
			);
			path = MoviesList;
			sourceTree = "<group>";
		};
		144A15BD298E8751001A7BC2 /* MovieDetails */ = {
			isa = PBXGroup;
			children = (
				146B4DDE298F5D4C00F17A7A /* MovieDetailViewController.swift */,
			);
			path = MovieDetails;
			sourceTree = "<group>";
		};
		144A15BE298E876C001A7BC2 /* ViewModel */ = {
			isa = PBXGroup;
			children = (
				144A15C2298E92CB001A7BC2 /* HomeViewModel.swift */,
			);
			path = ViewModel;
			sourceTree = "<group>";
		};
		144A15BF298E8774001A7BC2 /* View */ = {
			isa = PBXGroup;
			children = (
				144A15C0298E883E001A7BC2 /* HomeViewController.swift */,
				144A15C4298E9665001A7BC2 /* MoviesTableViewDatasource.swift */,
				144A15C6298E98CB001A7BC2 /* MoviesTableViewDelegate.swift */,
				144A15CF298EA964001A7BC2 /* MovieListTableViewCell.swift */,
				146B4DE0298FCF8800F17A7A /* SplashScreen.swift */,
				146B4DF629900CBB00F17A7A /* HomeViewControllerProtocol.swift */,
			);
			path = View;
			sourceTree = "<group>";
		};
		144A15C8298E9BF2001A7BC2 /* Data */ = {
			isa = PBXGroup;
			children = (
				144A15C9298E9BFB001A7BC2 /* Network */,
			);
			path = Data;
			sourceTree = "<group>";
		};
		144A15C9298E9BFB001A7BC2 /* Network */ = {
			isa = PBXGroup;
			children = (
				144A15CA298E9C0C001A7BC2 /* MoviesDataService.swift */,
			);
			path = Network;
			sourceTree = "<group>";
		};
		146B4DE72990021500F17A7A /* MovieAppTests */ = {
			isa = PBXGroup;
			children = (
				146B4DEF299002D900F17A7A /* MVVM */,
			);
			path = MovieAppTests;
			sourceTree = "<group>";
		};
		146B4DEF299002D900F17A7A /* MVVM */ = {
			isa = PBXGroup;
			children = (
				146B4DF02990030B00F17A7A /* Presentation */,
			);
			path = MVVM;
			sourceTree = "<group>";
		};
		146B4DF02990030B00F17A7A /* Presentation */ = {
			isa = PBXGroup;
			children = (
				146B4DF12990031300F17A7A /* View */,
			);
			path = Presentation;
			sourceTree = "<group>";
		};
		146B4DF12990031300F17A7A /* View */ = {
			isa = PBXGroup;
			children = (
				146B4DF22990033900F17A7A /* MoviesTableViewDelegateTest.swift */,
				146B4DF4299006AB00F17A7A /* NavigationDetailMock.swift */,
			);
			path = View;
			sourceTree = "<group>";
		};
/* End PBXGroup section */

/* Begin PBXNativeTarget section */
		144A159B298E8576001A7BC2 /* Movie App */ = {
			isa = PBXNativeTarget;
			buildConfigurationList = 144A15B3298E8577001A7BC2 /* Build configuration list for PBXNativeTarget "Movie App" */;
			buildPhases = (
				144A1598298E8576001A7BC2 /* Sources */,
				144A1599298E8576001A7BC2 /* Frameworks */,
				144A159A298E8576001A7BC2 /* Resources */,
			);
			buildRules = (
			);
			dependencies = (
			);
			name = "Movie App";
			packageProductDependencies = (
				144A15CD298E9D05001A7BC2 /* Alamofire */,
				144A15D2298F57A4001A7BC2 /* Kingfisher */,
			);
			productName = "Movie App";
			productReference = 144A159C298E8576001A7BC2 /* Movie App.app */;
			productType = "com.apple.product-type.application";
		};
		146B4DE52990021500F17A7A /* MovieAppTests */ = {
			isa = PBXNativeTarget;
			buildConfigurationList = 146B4DEC2990021500F17A7A /* Build configuration list for PBXNativeTarget "MovieAppTests" */;
			buildPhases = (
				146B4DE22990021500F17A7A /* Sources */,
				146B4DE32990021500F17A7A /* Frameworks */,
				146B4DE42990021500F17A7A /* Resources */,
			);
			buildRules = (
			);
			dependencies = (
				146B4DEB2990021500F17A7A /* PBXTargetDependency */,
			);
			name = MovieAppTests;
			productName = MovieAppTests;
			productReference = 146B4DE62990021500F17A7A /* MovieAppTests.xctest */;
			productType = "com.apple.product-type.bundle.unit-test";
		};
/* End PBXNativeTarget section */

/* Begin PBXProject section */
		144A1594298E8576001A7BC2 /* Project object */ = {
			isa = PBXProject;
			attributes = {
				BuildIndependentTargetsInParallel = 1;
				LastSwiftUpdateCheck = 1340;
				LastUpgradeCheck = 1340;
				TargetAttributes = {
					144A159B298E8576001A7BC2 = {
						CreatedOnToolsVersion = 13.4.1;
					};
					146B4DE52990021500F17A7A = {
						CreatedOnToolsVersion = 13.4.1;
						TestTargetID = 144A159B298E8576001A7BC2;
					};
				};
			};
			buildConfigurationList = 144A1597298E8576001A7BC2 /* Build configuration list for PBXProject "Movie App" */;
			compatibilityVersion = "Xcode 13.0";
			developmentRegion = en;
			hasScannedForEncodings = 0;
			knownRegions = (
				en,
				Base,
			);
			mainGroup = 144A1593298E8576001A7BC2;
			packageReferences = (
				144A15CC298E9D05001A7BC2 /* XCRemoteSwiftPackageReference "Alamofire" */,
				144A15D1298F57A4001A7BC2 /* XCRemoteSwiftPackageReference "Kingfisher" */,
			);
			productRefGroup = 144A159D298E8576001A7BC2 /* Products */;
			projectDirPath = "";
			projectRoot = "";
			targets = (
				144A159B298E8576001A7BC2 /* Movie App */,
				146B4DE52990021500F17A7A /* MovieAppTests */,
			);
		};
/* End PBXProject section */

/* Begin PBXResourcesBuildPhase section */
		144A159A298E8576001A7BC2 /* Resources */ = {
			isa = PBXResourcesBuildPhase;
			buildActionMask = 2147483647;
			files = (
				144A15AF298E8577001A7BC2 /* LaunchScreen.storyboard in Resources */,
				144A15AC298E8577001A7BC2 /* Assets.xcassets in Resources */,
				144A15A7298E8576001A7BC2 /* Main.storyboard in Resources */,
			);
			runOnlyForDeploymentPostprocessing = 0;
		};
		146B4DE42990021500F17A7A /* Resources */ = {
			isa = PBXResourcesBuildPhase;
			buildActionMask = 2147483647;
			files = (
			);
			runOnlyForDeploymentPostprocessing = 0;
		};
/* End PBXResourcesBuildPhase section */

/* Begin PBXSourcesBuildPhase section */
		144A1598298E8576001A7BC2 /* Sources */ = {
			isa = PBXSourcesBuildPhase;
			buildActionMask = 2147483647;
			files = (
				144A15CB298E9C0C001A7BC2 /* MoviesDataService.swift in Sources */,
				144A15BA298E8648001A7BC2 /* MovieModel.swift in Sources */,
				144A15C7298E98CB001A7BC2 /* MoviesTableViewDelegate.swift in Sources */,
				146B4DDF298F5D4C00F17A7A /* MovieDetailViewController.swift in Sources */,
				144A15C3298E92CB001A7BC2 /* HomeViewModel.swift in Sources */,
				144A15C5298E9665001A7BC2 /* MoviesTableViewDatasource.swift in Sources */,
				146B4DE1298FCF8800F17A7A /* SplashScreen.swift in Sources */,
				144A15A0298E8576001A7BC2 /* AppDelegate.swift in Sources */,
				144A15D0298EA964001A7BC2 /* MovieListTableViewCell.swift in Sources */,
				144A15AA298E8576001A7BC2 /* Movie_App.xcdatamodeld in Sources */,
				144A15A2298E8576001A7BC2 /* SceneDelegate.swift in Sources */,
				146B4DF729900CBB00F17A7A /* HomeViewControllerProtocol.swift in Sources */,
				144A15C1298E883E001A7BC2 /* HomeViewController.swift in Sources */,
			);
			runOnlyForDeploymentPostprocessing = 0;
		};
		146B4DE22990021500F17A7A /* Sources */ = {
			isa = PBXSourcesBuildPhase;
			buildActionMask = 2147483647;
			files = (
				146B4DF5299006AB00F17A7A /* NavigationDetailMock.swift in Sources */,
				146B4DF32990033900F17A7A /* MoviesTableViewDelegateTest.swift in Sources */,
			);
			runOnlyForDeploymentPostprocessing = 0;
		};
/* End PBXSourcesBuildPhase section */

/* Begin PBXTargetDependency section */
		146B4DEB2990021500F17A7A /* PBXTargetDependency */ = {
			isa = PBXTargetDependency;
			target = 144A159B298E8576001A7BC2 /* Movie App */;
			targetProxy = 146B4DEA2990021500F17A7A /* PBXContainerItemProxy */;
		};
/* End PBXTargetDependency section */

/* Begin PBXVariantGroup section */
		144A15A5298E8576001A7BC2 /* Main.storyboard */ = {
			isa = PBXVariantGroup;
			children = (
				144A15A6298E8576001A7BC2 /* Base */,
			);
			name = Main.storyboard;
			sourceTree = "<group>";
		};
		144A15AD298E8577001A7BC2 /* LaunchScreen.storyboard */ = {
			isa = PBXVariantGroup;
			children = (
				144A15AE298E8577001A7BC2 /* Base */,
			);
			name = LaunchScreen.storyboard;
			sourceTree = "<group>";
		};
/* End PBXVariantGroup section */

/* Begin XCBuildConfiguration section */
		144A15B1298E8577001A7BC2 /* Debug */ = {
			isa = XCBuildConfiguration;
			buildSettings = {
				ALWAYS_SEARCH_USER_PATHS = NO;
				CLANG_ANALYZER_NONNULL = YES;
				CLANG_ANALYZER_NUMBER_OBJECT_CONVERSION = YES_AGGRESSIVE;
				CLANG_CXX_LANGUAGE_STANDARD = "gnu++17";
				CLANG_ENABLE_MODULES = YES;
				CLANG_ENABLE_OBJC_ARC = YES;
				CLANG_ENABLE_OBJC_WEAK = YES;
				CLANG_WARN_BLOCK_CAPTURE_AUTORELEASING = YES;
				CLANG_WARN_BOOL_CONVERSION = YES;
				CLANG_WARN_COMMA = YES;
				CLANG_WARN_CONSTANT_CONVERSION = YES;
				CLANG_WARN_DEPRECATED_OBJC_IMPLEMENTATIONS = YES;
				CLANG_WARN_DIRECT_OBJC_ISA_USAGE = YES_ERROR;
				CLANG_WARN_DOCUMENTATION_COMMENTS = YES;
				CLANG_WARN_EMPTY_BODY = YES;
				CLANG_WARN_ENUM_CONVERSION = YES;
				CLANG_WARN_INFINITE_RECURSION = YES;
				CLANG_WARN_INT_CONVERSION = YES;
				CLANG_WARN_NON_LITERAL_NULL_CONVERSION = YES;
				CLANG_WARN_OBJC_IMPLICIT_RETAIN_SELF = YES;
				CLANG_WARN_OBJC_LITERAL_CONVERSION = YES;
				CLANG_WARN_OBJC_ROOT_CLASS = YES_ERROR;
				CLANG_WARN_QUOTED_INCLUDE_IN_FRAMEWORK_HEADER = YES;
				CLANG_WARN_RANGE_LOOP_ANALYSIS = YES;
				CLANG_WARN_STRICT_PROTOTYPES = YES;
				CLANG_WARN_SUSPICIOUS_MOVE = YES;
				CLANG_WARN_UNGUARDED_AVAILABILITY = YES_AGGRESSIVE;
				CLANG_WARN_UNREACHABLE_CODE = YES;
				CLANG_WARN__DUPLICATE_METHOD_MATCH = YES;
				COPY_PHASE_STRIP = NO;
				DEBUG_INFORMATION_FORMAT = dwarf;
				ENABLE_STRICT_OBJC_MSGSEND = YES;
				ENABLE_TESTABILITY = YES;
				GCC_C_LANGUAGE_STANDARD = gnu11;
				GCC_DYNAMIC_NO_PIC = NO;
				GCC_NO_COMMON_BLOCKS = YES;
				GCC_OPTIMIZATION_LEVEL = 0;
				GCC_PREPROCESSOR_DEFINITIONS = (
					"DEBUG=1",
					"$(inherited)",
				);
				GCC_WARN_64_TO_32_BIT_CONVERSION = YES;
				GCC_WARN_ABOUT_RETURN_TYPE = YES_ERROR;
				GCC_WARN_UNDECLARED_SELECTOR = YES;
				GCC_WARN_UNINITIALIZED_AUTOS = YES_AGGRESSIVE;
				GCC_WARN_UNUSED_FUNCTION = YES;
				GCC_WARN_UNUSED_VARIABLE = YES;
				IPHONEOS_DEPLOYMENT_TARGET = 15.5;
				MTL_ENABLE_DEBUG_INFO = INCLUDE_SOURCE;
				MTL_FAST_MATH = YES;
				ONLY_ACTIVE_ARCH = YES;
				SDKROOT = iphoneos;
				SWIFT_ACTIVE_COMPILATION_CONDITIONS = DEBUG;
				SWIFT_OPTIMIZATION_LEVEL = "-Onone";
			};
			name = Debug;
		};
		144A15B2298E8577001A7BC2 /* Release */ = {
			isa = XCBuildConfiguration;
			buildSettings = {
				ALWAYS_SEARCH_USER_PATHS = NO;
				CLANG_ANALYZER_NONNULL = YES;
				CLANG_ANALYZER_NUMBER_OBJECT_CONVERSION = YES_AGGRESSIVE;
				CLANG_CXX_LANGUAGE_STANDARD = "gnu++17";
				CLANG_ENABLE_MODULES = YES;
				CLANG_ENABLE_OBJC_ARC = YES;
				CLANG_ENABLE_OBJC_WEAK = YES;
				CLANG_WARN_BLOCK_CAPTURE_AUTORELEASING = YES;
				CLANG_WARN_BOOL_CONVERSION = YES;
				CLANG_WARN_COMMA = YES;
				CLANG_WARN_CONSTANT_CONVERSION = YES;
				CLANG_WARN_DEPRECATED_OBJC_IMPLEMENTATIONS = YES;
				CLANG_WARN_DIRECT_OBJC_ISA_USAGE = YES_ERROR;
				CLANG_WARN_DOCUMENTATION_COMMENTS = YES;
				CLANG_WARN_EMPTY_BODY = YES;
				CLANG_WARN_ENUM_CONVERSION = YES;
				CLANG_WARN_INFINITE_RECURSION = YES;
				CLANG_WARN_INT_CONVERSION = YES;
				CLANG_WARN_NON_LITERAL_NULL_CONVERSION = YES;
				CLANG_WARN_OBJC_IMPLICIT_RETAIN_SELF = YES;
				CLANG_WARN_OBJC_LITERAL_CONVERSION = YES;
				CLANG_WARN_OBJC_ROOT_CLASS = YES_ERROR;
				CLANG_WARN_QUOTED_INCLUDE_IN_FRAMEWORK_HEADER = YES;
				CLANG_WARN_RANGE_LOOP_ANALYSIS = YES;
				CLANG_WARN_STRICT_PROTOTYPES = YES;
				CLANG_WARN_SUSPICIOUS_MOVE = YES;
				CLANG_WARN_UNGUARDED_AVAILABILITY = YES_AGGRESSIVE;
				CLANG_WARN_UNREACHABLE_CODE = YES;
				CLANG_WARN__DUPLICATE_METHOD_MATCH = YES;
				COPY_PHASE_STRIP = NO;
				DEBUG_INFORMATION_FORMAT = "dwarf-with-dsym";
				ENABLE_NS_ASSERTIONS = NO;
				ENABLE_STRICT_OBJC_MSGSEND = YES;
				GCC_C_LANGUAGE_STANDARD = gnu11;
				GCC_NO_COMMON_BLOCKS = YES;
				GCC_WARN_64_TO_32_BIT_CONVERSION = YES;
				GCC_WARN_ABOUT_RETURN_TYPE = YES_ERROR;
				GCC_WARN_UNDECLARED_SELECTOR = YES;
				GCC_WARN_UNINITIALIZED_AUTOS = YES_AGGRESSIVE;
				GCC_WARN_UNUSED_FUNCTION = YES;
				GCC_WARN_UNUSED_VARIABLE = YES;
				IPHONEOS_DEPLOYMENT_TARGET = 15.5;
				MTL_ENABLE_DEBUG_INFO = NO;
				MTL_FAST_MATH = YES;
				SDKROOT = iphoneos;
				SWIFT_COMPILATION_MODE = wholemodule;
				SWIFT_OPTIMIZATION_LEVEL = "-O";
				VALIDATE_PRODUCT = YES;
			};
			name = Release;
		};
		144A15B4298E8577001A7BC2 /* Debug */ = {
			isa = XCBuildConfiguration;
			buildSettings = {
				ASSETCATALOG_COMPILER_APPICON_NAME = AppIcon;
				ASSETCATALOG_COMPILER_GLOBAL_ACCENT_COLOR_NAME = AccentColor;
				CODE_SIGN_STYLE = Automatic;
				CURRENT_PROJECT_VERSION = 1;
				DEVELOPMENT_TEAM = 2M5DUW74J9;
				GENERATE_INFOPLIST_FILE = YES;
				INFOPLIST_FILE = "Movie App/Info.plist";
				INFOPLIST_KEY_UIApplicationSupportsIndirectInputEvents = YES;
				INFOPLIST_KEY_UILaunchStoryboardName = LaunchScreen;
				INFOPLIST_KEY_UIMainStoryboardFile = Main;
				INFOPLIST_KEY_UISupportedInterfaceOrientations_iPad = "UIInterfaceOrientationPortrait UIInterfaceOrientationPortraitUpsideDown UIInterfaceOrientationLandscapeLeft UIInterfaceOrientationLandscapeRight";
				INFOPLIST_KEY_UISupportedInterfaceOrientations_iPhone = "UIInterfaceOrientationPortrait UIInterfaceOrientationLandscapeLeft UIInterfaceOrientationLandscapeRight";
				LD_RUNPATH_SEARCH_PATHS = (
					"$(inherited)",
					"@executable_path/Frameworks",
				);
				MARKETING_VERSION = 1.0;
				PRODUCT_BUNDLE_IDENTIFIER = "com.Lownacereno.Movie-App";
				PRODUCT_NAME = "$(TARGET_NAME)";
				SWIFT_EMIT_LOC_STRINGS = YES;
				SWIFT_VERSION = 5.0;
				TARGETED_DEVICE_FAMILY = "1,2";
			};
			name = Debug;
		};
		144A15B5298E8577001A7BC2 /* Release */ = {
			isa = XCBuildConfiguration;
			buildSettings = {
				ASSETCATALOG_COMPILER_APPICON_NAME = AppIcon;
				ASSETCATALOG_COMPILER_GLOBAL_ACCENT_COLOR_NAME = AccentColor;
				CODE_SIGN_STYLE = Automatic;
				CURRENT_PROJECT_VERSION = 1;
				DEVELOPMENT_TEAM = 2M5DUW74J9;
				GENERATE_INFOPLIST_FILE = YES;
				INFOPLIST_FILE = "Movie App/Info.plist";
				INFOPLIST_KEY_UIApplicationSupportsIndirectInputEvents = YES;
				INFOPLIST_KEY_UILaunchStoryboardName = LaunchScreen;
				INFOPLIST_KEY_UIMainStoryboardFile = Main;
				INFOPLIST_KEY_UISupportedInterfaceOrientations_iPad = "UIInterfaceOrientationPortrait UIInterfaceOrientationPortraitUpsideDown UIInterfaceOrientationLandscapeLeft UIInterfaceOrientationLandscapeRight";
				INFOPLIST_KEY_UISupportedInterfaceOrientations_iPhone = "UIInterfaceOrientationPortrait UIInterfaceOrientationLandscapeLeft UIInterfaceOrientationLandscapeRight";
				LD_RUNPATH_SEARCH_PATHS = (
					"$(inherited)",
					"@executable_path/Frameworks",
				);
				MARKETING_VERSION = 1.0;
				PRODUCT_BUNDLE_IDENTIFIER = "com.Lownacereno.Movie-App";
				PRODUCT_NAME = "$(TARGET_NAME)";
				SWIFT_EMIT_LOC_STRINGS = YES;
				SWIFT_VERSION = 5.0;
				TARGETED_DEVICE_FAMILY = "1,2";
			};
			name = Release;
		};
		146B4DED2990021500F17A7A /* Debug */ = {
			isa = XCBuildConfiguration;
			buildSettings = {
				BUNDLE_LOADER = "$(TEST_HOST)";
				CODE_SIGN_STYLE = Automatic;
				CURRENT_PROJECT_VERSION = 1;
				DEVELOPMENT_TEAM = 2M5DUW74J9;
				GENERATE_INFOPLIST_FILE = YES;
				MARKETING_VERSION = 1.0;
				PRODUCT_BUNDLE_IDENTIFIER = com.Lownacereno.MovieAppTests;
				PRODUCT_NAME = "$(TARGET_NAME)";
				SWIFT_EMIT_LOC_STRINGS = NO;
				SWIFT_VERSION = 5.0;
				TARGETED_DEVICE_FAMILY = "1,2";
				TEST_HOST = "$(BUILT_PRODUCTS_DIR)/Movie App.app/Movie App";
			};
			name = Debug;
		};
		146B4DEE2990021500F17A7A /* Release */ = {
			isa = XCBuildConfiguration;
			buildSettings = {
				BUNDLE_LOADER = "$(TEST_HOST)";
				CODE_SIGN_STYLE = Automatic;
				CURRENT_PROJECT_VERSION = 1;
				DEVELOPMENT_TEAM = 2M5DUW74J9;
				GENERATE_INFOPLIST_FILE = YES;
				MARKETING_VERSION = 1.0;
				PRODUCT_BUNDLE_IDENTIFIER = com.Lownacereno.MovieAppTests;
				PRODUCT_NAME = "$(TARGET_NAME)";
				SWIFT_EMIT_LOC_STRINGS = NO;
				SWIFT_VERSION = 5.0;
				TARGETED_DEVICE_FAMILY = "1,2";
				TEST_HOST = "$(BUILT_PRODUCTS_DIR)/Movie App.app/Movie App";
			};
			name = Release;
		};
/* End XCBuildConfiguration section */

/* Begin XCConfigurationList section */
		144A1597298E8576001A7BC2 /* Build configuration list for PBXProject "Movie App" */ = {
			isa = XCConfigurationList;
			buildConfigurations = (
				144A15B1298E8577001A7BC2 /* Debug */,
				144A15B2298E8577001A7BC2 /* Release */,
			);
			defaultConfigurationIsVisible = 0;
			defaultConfigurationName = Release;
		};
		144A15B3298E8577001A7BC2 /* Build configuration list for PBXNativeTarget "Movie App" */ = {
			isa = XCConfigurationList;
			buildConfigurations = (
				144A15B4298E8577001A7BC2 /* Debug */,
				144A15B5298E8577001A7BC2 /* Release */,
			);
			defaultConfigurationIsVisible = 0;
			defaultConfigurationName = Release;
		};
		146B4DEC2990021500F17A7A /* Build configuration list for PBXNativeTarget "MovieAppTests" */ = {
			isa = XCConfigurationList;
			buildConfigurations = (
				146B4DED2990021500F17A7A /* Debug */,
				146B4DEE2990021500F17A7A /* Release */,
			);
			defaultConfigurationIsVisible = 0;
			defaultConfigurationName = Release;
		};
/* End XCConfigurationList section */

/* Begin XCRemoteSwiftPackageReference section */
		144A15CC298E9D05001A7BC2 /* XCRemoteSwiftPackageReference "Alamofire" */ = {
			isa = XCRemoteSwiftPackageReference;
			repositoryURL = "https://github.com/Alamofire/Alamofire.git";
			requirement = {
				branch = master;
				kind = branch;
			};
		};
		144A15D1298F57A4001A7BC2 /* XCRemoteSwiftPackageReference "Kingfisher" */ = {
			isa = XCRemoteSwiftPackageReference;
			repositoryURL = "https://github.com/onevcat/Kingfisher.git";
			requirement = {
				branch = master;
				kind = branch;
			};
		};
/* End XCRemoteSwiftPackageReference section */

/* Begin XCSwiftPackageProductDependency section */
		144A15CD298E9D05001A7BC2 /* Alamofire */ = {
			isa = XCSwiftPackageProductDependency;
			package = 144A15CC298E9D05001A7BC2 /* XCRemoteSwiftPackageReference "Alamofire" */;
			productName = Alamofire;
		};
		144A15D2298F57A4001A7BC2 /* Kingfisher */ = {
			isa = XCSwiftPackageProductDependency;
			package = 144A15D1298F57A4001A7BC2 /* XCRemoteSwiftPackageReference "Kingfisher" */;
			productName = Kingfisher;
		};
/* End XCSwiftPackageProductDependency section */

/* Begin XCVersionGroup section */
		144A15A8298E8576001A7BC2 /* Movie_App.xcdatamodeld */ = {
			isa = XCVersionGroup;
			children = (
				144A15A9298E8576001A7BC2 /* Movie_App.xcdatamodel */,
			);
			currentVersion = 144A15A9298E8576001A7BC2 /* Movie_App.xcdatamodel */;
			path = Movie_App.xcdatamodeld;
			sourceTree = "<group>";
			versionGroupType = wrapper.xcdatamodel;
		};
/* End XCVersionGroup section */
	};
	rootObject = 144A1594298E8576001A7BC2 /* Project object */;
}
